PODS:
  - facebook_standard_events (0.0.1):
    - FBSDKCoreKit (~> 5.0)
    - Flutter
  - FBSDKCoreKit (5.11.0):
    - FBSDKCoreKit/Basics (= 5.11.0)
    - FBSDKCoreKit/Core (= 5.11.0)
  - FBSDKCoreKit/Basics (5.11.0)
  - FBSDKCoreKit/Core (5.11.0):
    - FBSDKCoreKit/Basics
  - FBSDKLoginKit (5.11.0):
    - FBSDKLoginKit/Login (= 5.11.0)
  - FBSDKLoginKit/Login (5.11.0):
    - FBSDKCoreKit (~> 5.0)
  - Flutter (1.0.0)
  - flutter_facebook_login (0.0.1):
    - FBSDKCoreKit (~> 5.5)
    - FBSDKLoginKit (~> 5.5)
    - Flutter

DEPENDENCIES:
  - facebook_standard_events (from `.symlinks/plugins/facebook_standard_events/ios`)
  - Flutter (from `.symlinks/flutter/ios`)
  - flutter_facebook_login (from `.symlinks/plugins/flutter_facebook_login/ios`)

SPEC REPOS:
  trunk:
    - FBSDKCoreKit
    - FBSDKLoginKit

EXTERNAL SOURCES:
  facebook_standard_events:
    :path: ".symlinks/plugins/facebook_standard_events/ios"
  Flutter:
    :path: ".symlinks/flutter/ios"
  flutter_facebook_login:
    :path: ".symlinks/plugins/flutter_facebook_login/ios"

SPEC CHECKSUMS:
  facebook_standard_events: 910512b5c67d9d11449f759505df53ad9ace2f8f
  FBSDKCoreKit: 9fbfb5b0022d34861bfa6b79f56f8e2ddcd8170b
  FBSDKLoginKit: 0e976e0c91ee69dd5dc69062c095205146f1dd9f
  Flutter: 0e3d915762c693b495b44d77113d4970485de6ec
  flutter_facebook_login: cfb5659f686b1c575ef205c6b6fd20db9679d3c4

PODFILE CHECKSUM: b6a0a141693093b304368d08511b46cf3d1d0ac5

COCOAPODS: 1.8.4
